
Microsoft Visual Studio Solution File, Format Version 12.00
# Visual Studio Version 16
VisualStudioVersion = 16.0.29709.97
MinimumVisualStudioVersion = 10.0.40219.1
Project("{FAE04EC0-301F-11D3-BF4B-00C04F79EFBC}") = "OdeToFood", "OdeToFood\OdeToFood.csproj", "{6FF9EC0D-51D8-47F4-8ADA-8D4509B8DB63}"
EndProject
Global
	GlobalSection(SolutionConfigurationPlatforms) = preSolution
		Debug|Any CPU = Debug|Any CPU
		Release|Any CPU = Release|Any CPU
	EndGlobalSection
	GlobalSection(ProjectConfigurationPlatforms) = postSolution
		{6FF9EC0D-51D8-47F4-8ADA-8D4509B8DB63}.Debug|Any CPU.ActiveCfg = Debug|Any CPU
		{6FF9EC0D-51D8-47F4-8ADA-8D4509B8DB63}.Debug|Any CPU.Build.0 = Debug|Any CPU
		{6FF9EC0D-51D8-47F4-8ADA-8D4509B8DB63}.Release|Any CPU.ActiveCfg = Release|Any CPU
		{6FF9EC0D-51D8-47F4-8ADA-8D4509B8DB63}.Release|Any CPU.Build.0 = Release|Any CPU
	EndGlobalSection
	GlobalSection(SolutionProperties) = preSolution
		HideSolutionNode = FALSE
	EndGlobalSection
	GlobalSection(ExtensibilityGlobals) = postSolution
		SolutionGuid = {3A64B0B7-64B0-4EB9-9C73-FF211410BF08}
	EndGlobalSection
EndGlobal
